
Microsoft Visual Studio Solution File, Format Version 12.00
# Visual Studio 14
VisualStudioVersion = 14.0.24720.0
MinimumVisualStudioVersion = 10.0.40219.1
Project("{FAE04EC0-301F-11D3-BF4B-00C04F79EFBC}") = "GridTester", "GridTester.csproj", "{DB1B5774-8AE7-4E7F-8787-6C1B4A91F865}"
EndProject
Project("{FAE04EC0-301F-11D3-BF4B-00C04F79EFBC}") = "GridTestTaskProcessor", "GridTestTaskProcessor\GridTestTaskProcessor.csproj", "{1141203A-F6E9-4968-94FD-F7E07B1E8CD1}"
EndProject
Global
	GlobalSection(SolutionConfigurationPlatforms) = preSolution
		Debug|Any CPU = Debug|Any CPU
		Release|Any CPU = Release|Any CPU
	EndGlobalSection
	GlobalSection(ProjectConfigurationPlatforms) = postSolution
		{DB1B5774-8AE7-4E7F-8787-6C1B4A91F865}.Debug|Any CPU.ActiveCfg = Debug|Any CPU
		{DB1B5774-8AE7-4E7F-8787-6C1B4A91F865}.Debug|Any CPU.Build.0 = Debug|Any CPU
		{DB1B5774-8AE7-4E7F-8787-6C1B4A91F865}.Release|Any CPU.ActiveCfg = Release|Any CPU
		{DB1B5774-8AE7-4E7F-8787-6C1B4A91F865}.Release|Any CPU.Build.0 = Release|Any CPU
		{1141203A-F6E9-4968-94FD-F7E07B1E8CD1}.Debug|Any CPU.ActiveCfg = Debug|Any CPU
		{1141203A-F6E9-4968-94FD-F7E07B1E8CD1}.Debug|Any CPU.Build.0 = Debug|Any CPU
		{1141203A-F6E9-4968-94FD-F7E07B1E8CD1}.Release|Any CPU.ActiveCfg = Release|Any CPU
		{1141203A-F6E9-4968-94FD-F7E07B1E8CD1}.Release|Any CPU.Build.0 = Release|Any CPU
	EndGlobalSection
	GlobalSection(SolutionProperties) = preSolution
		HideSolutionNode = FALSE
	EndGlobalSection
EndGlobal
